
Microsoft Visual Studio Solution File, Format Version 12.00
# Visual Studio Version 16
VisualStudioVersion = 16.0.31019.35
MinimumVisualStudioVersion = 10.0.40219.1
Project("{FAE04EC0-301F-11D3-BF4B-00C04F79EFBC}") = "day22_indiastatecenusanalyser", "day22_indiastatecenusanalyser\day22_indiastatecenusanalyser.csproj", "{0D6676B9-795E-47AC-9349-5B8D2532860A}"
EndProject
Project("{FAE04EC0-301F-11D3-BF4B-00C04F79EFBC}") = "UnitTestProject1", "UnitTestProject1\UnitTestProject1.csproj", "{AFB66D95-5501-4580-87F0-045C18525571}"
EndProject
Global
	GlobalSection(SolutionConfigurationPlatforms) = preSolution
		Debug|Any CPU = Debug|Any CPU
		Release|Any CPU = Release|Any CPU
	EndGlobalSection
	GlobalSection(ProjectConfigurationPlatforms) = postSolution
		{0D6676B9-795E-47AC-9349-5B8D2532860A}.Debug|Any CPU.ActiveCfg = Debug|Any CPU
		{0D6676B9-795E-47AC-9349-5B8D2532860A}.Debug|Any CPU.Build.0 = Debug|Any CPU
		{0D6676B9-795E-47AC-9349-5B8D2532860A}.Release|Any CPU.ActiveCfg = Release|Any CPU
		{0D6676B9-795E-47AC-9349-5B8D2532860A}.Release|Any CPU.Build.0 = Release|Any CPU
		{AFB66D95-5501-4580-87F0-045C18525571}.Debug|Any CPU.ActiveCfg = Debug|Any CPU
		{AFB66D95-5501-4580-87F0-045C18525571}.Debug|Any CPU.Build.0 = Debug|Any CPU
		{AFB66D95-5501-4580-87F0-045C18525571}.Release|Any CPU.ActiveCfg = Release|Any CPU
		{AFB66D95-5501-4580-87F0-045C18525571}.Release|Any CPU.Build.0 = Release|Any CPU
	EndGlobalSection
	GlobalSection(SolutionProperties) = preSolution
		HideSolutionNode = FALSE
	EndGlobalSection
	GlobalSection(ExtensibilityGlobals) = postSolution
		SolutionGuid = {C653B615-9B6B-4047-BF35-C8E92E5E8112}
	EndGlobalSection
EndGlobal
